
Microsoft Visual Studio Solution File, Format Version 12.00
# Visual Studio Version 17
VisualStudioVersion = 17.5.33424.131
MinimumVisualStudioVersion = 10.0.40219.1
Project("{FAE04EC0-301F-11D3-BF4B-00C04F79EFBC}") = "Office_System", "Office_System.csproj", "{5D8CB72C-0156-4D62-A79F-1747BF773B37}"
EndProject
Project("{FAE04EC0-301F-11D3-BF4B-00C04F79EFBC}") = "DataAccessLayer", "..\DataAccessLayer\DataAccessLayer.csproj", "{75F13FF9-7542-4D74-B154-AF225A659602}"
EndProject
Global
	GlobalSection(SolutionConfigurationPlatforms) = preSolution
		Debug|Any CPU = Debug|Any CPU
		Release|Any CPU = Release|Any CPU
	EndGlobalSection
	GlobalSection(ProjectConfigurationPlatforms) = postSolution
		{5D8CB72C-0156-4D62-A79F-1747BF773B37}.Debug|Any CPU.ActiveCfg = Debug|Any CPU
		{5D8CB72C-0156-4D62-A79F-1747BF773B37}.Debug|Any CPU.Build.0 = Debug|Any CPU
		{5D8CB72C-0156-4D62-A79F-1747BF773B37}.Release|Any CPU.ActiveCfg = Release|Any CPU
		{5D8CB72C-0156-4D62-A79F-1747BF773B37}.Release|Any CPU.Build.0 = Release|Any CPU
		{75F13FF9-7542-4D74-B154-AF225A659602}.Debug|Any CPU.ActiveCfg = Debug|Any CPU
		{75F13FF9-7542-4D74-B154-AF225A659602}.Debug|Any CPU.Build.0 = Debug|Any CPU
		{75F13FF9-7542-4D74-B154-AF225A659602}.Release|Any CPU.ActiveCfg = Release|Any CPU
		{75F13FF9-7542-4D74-B154-AF225A659602}.Release|Any CPU.Build.0 = Release|Any CPU
	EndGlobalSection
	GlobalSection(SolutionProperties) = preSolution
		HideSolutionNode = FALSE
	EndGlobalSection
	GlobalSection(ExtensibilityGlobals) = postSolution
		SolutionGuid = {BB177F2D-5E5F-4ACA-A096-D8327E177667}
	EndGlobalSection
EndGlobal
